
Microsoft Visual Studio Solution File, Format Version 12.00
# Visual Studio 14
VisualStudioVersion = 14.0.24720.0
MinimumVisualStudioVersion = 10.0.40219.1
Project("{E24C65DC-7377-472B-9ABA-BC803B73C61A}") = "Acme.ProductManagement", "Acme.ProductManagement\", "{4BA64528-8AD0-4D89-A405-A1310B6FA42F}"
	ProjectSection(WebsiteProperties) = preProject
		TargetFrameworkMoniker = ".NETFramework,Version%3Dv4.5.2"
		Debug.AspNetCompiler.VirtualPath = "/localhost_17430"
		Debug.AspNetCompiler.PhysicalPath = "Acme.ProductManagement\"
		Debug.AspNetCompiler.TargetPath = "PrecompiledWeb\localhost_17430\"
		Debug.AspNetCompiler.Updateable = "true"
		Debug.AspNetCompiler.ForceOverwrite = "true"
		Debug.AspNetCompiler.FixedNames = "false"
		Debug.AspNetCompiler.Debug = "True"
		Release.AspNetCompiler.VirtualPath = "/localhost_17430"
		Release.AspNetCompiler.PhysicalPath = "Acme.ProductManagement\"
		Release.AspNetCompiler.TargetPath = "PrecompiledWeb\localhost_17430\"
		Release.AspNetCompiler.Updateable = "true"
		Release.AspNetCompiler.ForceOverwrite = "true"
		Release.AspNetCompiler.FixedNames = "false"
		Release.AspNetCompiler.Debug = "False"
		VWDPort = "17430"
		DefaultWebSiteLanguage = "Visual C#"
	EndProjectSection
EndProject
Global
	GlobalSection(SolutionConfigurationPlatforms) = preSolution
		Debug|Any CPU = Debug|Any CPU
	EndGlobalSection
	GlobalSection(ProjectConfigurationPlatforms) = postSolution
		{4BA64528-8AD0-4D89-A405-A1310B6FA42F}.Debug|Any CPU.ActiveCfg = Debug|Any CPU
		{4BA64528-8AD0-4D89-A405-A1310B6FA42F}.Debug|Any CPU.Build.0 = Debug|Any CPU
	EndGlobalSection
	GlobalSection(SolutionProperties) = preSolution
		HideSolutionNode = FALSE
	EndGlobalSection
EndGlobal
